
Microsoft Visual Studio Solution File, Format Version 12.00
# Visual Studio Version 16
VisualStudioVersion = 16.0.30503.244
MinimumVisualStudioVersion = 10.0.40219.1
Project("{FAE04EC0-301F-11D3-BF4B-00C04F79EFBC}") = "EnglishAimlessly", "EnglishAimlessly\EnglishAimlessly.csproj", "{9815EAED-9D52-4365-BE2C-3A7B08DE4A37}"
EndProject
Project("{FAE04EC0-301F-11D3-BF4B-00C04F79EFBC}") = "EnglishAimlesslyLibrary", "EnglishAimlesslyLibrary\EnglishAimlesslyLibrary.csproj", "{1C1A1A5A-52AA-4B43-BBD2-7259A17A7C18}"
EndProject
Global
	GlobalSection(SolutionConfigurationPlatforms) = preSolution
		Debug|Any CPU = Debug|Any CPU
		Release|Any CPU = Release|Any CPU
	EndGlobalSection
	GlobalSection(ProjectConfigurationPlatforms) = postSolution
		{9815EAED-9D52-4365-BE2C-3A7B08DE4A37}.Debug|Any CPU.ActiveCfg = Debug|Any CPU
		{9815EAED-9D52-4365-BE2C-3A7B08DE4A37}.Debug|Any CPU.Build.0 = Debug|Any CPU
		{9815EAED-9D52-4365-BE2C-3A7B08DE4A37}.Release|Any CPU.ActiveCfg = Release|Any CPU
		{9815EAED-9D52-4365-BE2C-3A7B08DE4A37}.Release|Any CPU.Build.0 = Release|Any CPU
		{1C1A1A5A-52AA-4B43-BBD2-7259A17A7C18}.Debug|Any CPU.ActiveCfg = Debug|Any CPU
		{1C1A1A5A-52AA-4B43-BBD2-7259A17A7C18}.Debug|Any CPU.Build.0 = Debug|Any CPU
		{1C1A1A5A-52AA-4B43-BBD2-7259A17A7C18}.Release|Any CPU.ActiveCfg = Release|Any CPU
		{1C1A1A5A-52AA-4B43-BBD2-7259A17A7C18}.Release|Any CPU.Build.0 = Release|Any CPU
	EndGlobalSection
	GlobalSection(SolutionProperties) = preSolution
		HideSolutionNode = FALSE
	EndGlobalSection
	GlobalSection(ExtensibilityGlobals) = postSolution
		SolutionGuid = {5CA42ECA-0CB1-4432-9541-1334F49853D7}
	EndGlobalSection
EndGlobal
